
Microsoft Visual Studio Solution File, Format Version 12.00
# Visual Studio Version 16
VisualStudioVersion = 16.0.30717.126
MinimumVisualStudioVersion = 10.0.40219.1
Project("{9A19103F-16F7-4668-BE54-9A1E7A4F7556}") = "LinkDev.MOA.POC.Portal", "LinkDev.MOA.POC.Portal\LinkDev.MOA.POC.Portal.csproj", "{F2655ED6-1191-434C-B3B2-FBE821C962C8}"
EndProject
Project("{FAE04EC0-301F-11D3-BF4B-00C04F79EFBC}") = "LinkDev.MOA.POC.Portal.API", "LinkDev.MOA.POC.Portal.API\LinkDev.MOA.POC.Portal.API.csproj", "{7CB24BF9-5286-4373-8DF6-3B16FAF1BF54}"
EndProject
Project("{FAE04EC0-301F-11D3-BF4B-00C04F79EFBC}") = "LinkDev.MOA.POC.Portal.BLL", "LinkDev.MOA.POC.Portal.BLL\LinkDev.MOA.POC.Portal.BLL.csproj", "{37CBE57B-DBB2-493C-B805-DCAE560AB6F9}"
EndProject
Project("{FAE04EC0-301F-11D3-BF4B-00C04F79EFBC}") = "LinkDev.MOA.POC.Entities", "LinkDev.MOA.POC.Entities\LinkDev.MOA.POC.Entities.csproj", "{E377C8A5-306D-4C27-9C1B-AB94AAFC45E9}"
EndProject
Project("{2150E333-8FDC-42A3-9474-1A3956D46DE8}") = "CRM", "CRM", "{6F58949E-79D1-4C65-9494-C2DC6F42ECDC}"
EndProject
Project("{FAE04EC0-301F-11D3-BF4B-00C04F79EFBC}") = "LinkDev.MOA.POC.Plugins.Case", "LinkDev.MOA.POC.Plugins.Case\LinkDev.MOA.POC.Plugins.Case.csproj", "{B9614F14-0330-4D10-B420-1328F81007B0}"
EndProject
Project("{9A19103F-16F7-4668-BE54-9A1E7A4F7556}") = "LinkDev.MOA.POC.Portal.Fortnend", "LinkDev.MOA.POC.Portal.Fortnend\LinkDev.MOA.POC.Portal.Fortnend.csproj", "{00A1C104-D866-4EC2-B3BA-C37EE8C6FE12}"
EndProject
Project("{FAE04EC0-301F-11D3-BF4B-00C04F79EFBC}") = "LinkDev.ECZA.POC.Models", "LinkDev.ECZA.POC.Models\LinkDev.ECZA.POC.Models.csproj", "{C8C0C907-90A9-4EBE-9C85-29D702A3AFB8}"
EndProject
Project("{FAE04EC0-301F-11D3-BF4B-00C04F79EFBC}") = "LinkDev.ECZA.POC.BLL", "LinkDev.ECZA.POC.BLL\LinkDev.ECZA.POC.BLL.csproj", "{197CD520-FBB5-4BF1-AB7A-FDA4EEC22892}"
EndProject
Global
	GlobalSection(SolutionConfigurationPlatforms) = preSolution
		Debug|Any CPU = Debug|Any CPU
		Release|Any CPU = Release|Any CPU
	EndGlobalSection
	GlobalSection(ProjectConfigurationPlatforms) = postSolution
		{F2655ED6-1191-434C-B3B2-FBE821C962C8}.Debug|Any CPU.ActiveCfg = Debug|Any CPU
		{F2655ED6-1191-434C-B3B2-FBE821C962C8}.Debug|Any CPU.Build.0 = Debug|Any CPU
		{F2655ED6-1191-434C-B3B2-FBE821C962C8}.Release|Any CPU.ActiveCfg = Release|Any CPU
		{F2655ED6-1191-434C-B3B2-FBE821C962C8}.Release|Any CPU.Build.0 = Release|Any CPU
		{7CB24BF9-5286-4373-8DF6-3B16FAF1BF54}.Debug|Any CPU.ActiveCfg = Debug|Any CPU
		{7CB24BF9-5286-4373-8DF6-3B16FAF1BF54}.Debug|Any CPU.Build.0 = Debug|Any CPU
		{7CB24BF9-5286-4373-8DF6-3B16FAF1BF54}.Release|Any CPU.ActiveCfg = Release|Any CPU
		{7CB24BF9-5286-4373-8DF6-3B16FAF1BF54}.Release|Any CPU.Build.0 = Release|Any CPU
		{37CBE57B-DBB2-493C-B805-DCAE560AB6F9}.Debug|Any CPU.ActiveCfg = Debug|Any CPU
		{37CBE57B-DBB2-493C-B805-DCAE560AB6F9}.Debug|Any CPU.Build.0 = Debug|Any CPU
		{37CBE57B-DBB2-493C-B805-DCAE560AB6F9}.Release|Any CPU.ActiveCfg = Release|Any CPU
		{37CBE57B-DBB2-493C-B805-DCAE560AB6F9}.Release|Any CPU.Build.0 = Release|Any CPU
		{E377C8A5-306D-4C27-9C1B-AB94AAFC45E9}.Debug|Any CPU.ActiveCfg = Debug|Any CPU
		{E377C8A5-306D-4C27-9C1B-AB94AAFC45E9}.Debug|Any CPU.Build.0 = Debug|Any CPU
		{E377C8A5-306D-4C27-9C1B-AB94AAFC45E9}.Release|Any CPU.ActiveCfg = Release|Any CPU
		{E377C8A5-306D-4C27-9C1B-AB94AAFC45E9}.Release|Any CPU.Build.0 = Release|Any CPU
		{B9614F14-0330-4D10-B420-1328F81007B0}.Debug|Any CPU.ActiveCfg = Debug|Any CPU
		{B9614F14-0330-4D10-B420-1328F81007B0}.Debug|Any CPU.Build.0 = Debug|Any CPU
		{B9614F14-0330-4D10-B420-1328F81007B0}.Release|Any CPU.ActiveCfg = Release|Any CPU
		{B9614F14-0330-4D10-B420-1328F81007B0}.Release|Any CPU.Build.0 = Release|Any CPU
		{00A1C104-D866-4EC2-B3BA-C37EE8C6FE12}.Debug|Any CPU.ActiveCfg = Debug|Any CPU
		{00A1C104-D866-4EC2-B3BA-C37EE8C6FE12}.Debug|Any CPU.Build.0 = Debug|Any CPU
		{00A1C104-D866-4EC2-B3BA-C37EE8C6FE12}.Release|Any CPU.ActiveCfg = Release|Any CPU
		{00A1C104-D866-4EC2-B3BA-C37EE8C6FE12}.Release|Any CPU.Build.0 = Release|Any CPU
		{C8C0C907-90A9-4EBE-9C85-29D702A3AFB8}.Debug|Any CPU.ActiveCfg = Debug|Any CPU
		{C8C0C907-90A9-4EBE-9C85-29D702A3AFB8}.Debug|Any CPU.Build.0 = Debug|Any CPU
		{C8C0C907-90A9-4EBE-9C85-29D702A3AFB8}.Release|Any CPU.ActiveCfg = Release|Any CPU
		{C8C0C907-90A9-4EBE-9C85-29D702A3AFB8}.Release|Any CPU.Build.0 = Release|Any CPU
		{197CD520-FBB5-4BF1-AB7A-FDA4EEC22892}.Debug|Any CPU.ActiveCfg = Debug|Any CPU
		{197CD520-FBB5-4BF1-AB7A-FDA4EEC22892}.Debug|Any CPU.Build.0 = Debug|Any CPU
		{197CD520-FBB5-4BF1-AB7A-FDA4EEC22892}.Release|Any CPU.ActiveCfg = Release|Any CPU
		{197CD520-FBB5-4BF1-AB7A-FDA4EEC22892}.Release|Any CPU.Build.0 = Release|Any CPU
	EndGlobalSection
	GlobalSection(SolutionProperties) = preSolution
		HideSolutionNode = FALSE
	EndGlobalSection
	GlobalSection(NestedProjects) = preSolution
		{B9614F14-0330-4D10-B420-1328F81007B0} = {6F58949E-79D1-4C65-9494-C2DC6F42ECDC}
	EndGlobalSection
	GlobalSection(ExtensibilityGlobals) = postSolution
		SolutionGuid = {1EEACEB7-43CA-42EF-BF54-4BA26BA4D117}
	EndGlobalSection
EndGlobal
