
Microsoft Visual Studio Solution File, Format Version 12.00
# Visual Studio Version 16
VisualStudioVersion = 16.0.30717.126
MinimumVisualStudioVersion = 10.0.40219.1
Project("{FAE04EC0-301F-11D3-BF4B-00C04F79EFBC}") = "LinkDev.MOA.POC.Portal", "LinkDev.MOA.POC.Portal\LinkDev.MOA.POC.Portal.csproj", "{F2655ED6-1191-434C-B3B2-FBE821C962C8}"
EndProject
Project("{FAE04EC0-301F-11D3-BF4B-00C04F79EFBC}") = "LinkDev.MOA.POC.API", "LinkDev.MOA.POC.API\LinkDev.MOA.POC.API.csproj", "{0D669183-11CE-4A63-87F2-D2C4BFD1C049}"
EndProject
Project("{FAE04EC0-301F-11D3-BF4B-00C04F79EFBC}") = "LinkDev.MOA.POC.BLL", "LinkDev.MOA.POC.BLL\LinkDev.MOA.POC.BLL.csproj", "{809DBFF0-CA10-427E-80B3-6F0D5970DBBD}"
EndProject
Project("{FAE04EC0-301F-11D3-BF4B-00C04F79EFBC}") = "LinkDev.MOA.POC.DAL", "LinkDev.MOA.POC.DAL\LinkDev.MOA.POC.DAL.csproj", "{BDF15788-088A-4D89-992C-60F9A49DF9E9}"
EndProject
Project("{FAE04EC0-301F-11D3-BF4B-00C04F79EFBC}") = "LinkDev.MOA.POC.Common.Core", "LinkDev.MOA.POC.Common.Core\LinkDev.MOA.POC.Common.Core.csproj", "{F969D67F-624D-4F3B-9EAD-B966D6096BB2}"
EndProject
Project("{FAE04EC0-301F-11D3-BF4B-00C04F79EFBC}") = "LinkDev.MOA.POC.Models", "LinkDev.MOA.POC.Models\LinkDev.MOA.POC.Models.csproj", "{4F3F1327-0E3B-4C4B-82B0-6F56A5744E38}"
EndProject
Project("{FAE04EC0-301F-11D3-BF4B-00C04F79EFBC}") = "LinkDev.MOA.POC.Portal.API", "LinkDev.MOA.POC.Portal.API\LinkDev.MOA.POC.Portal.API.csproj", "{7CB24BF9-5286-4373-8DF6-3B16FAF1BF54}"
EndProject
Global
	GlobalSection(SolutionConfigurationPlatforms) = preSolution
		Debug|Any CPU = Debug|Any CPU
		Release|Any CPU = Release|Any CPU
	EndGlobalSection
	GlobalSection(ProjectConfigurationPlatforms) = postSolution
		{F2655ED6-1191-434C-B3B2-FBE821C962C8}.Debug|Any CPU.ActiveCfg = Debug|Any CPU
		{F2655ED6-1191-434C-B3B2-FBE821C962C8}.Debug|Any CPU.Build.0 = Debug|Any CPU
		{F2655ED6-1191-434C-B3B2-FBE821C962C8}.Release|Any CPU.ActiveCfg = Release|Any CPU
		{F2655ED6-1191-434C-B3B2-FBE821C962C8}.Release|Any CPU.Build.0 = Release|Any CPU
		{0D669183-11CE-4A63-87F2-D2C4BFD1C049}.Debug|Any CPU.ActiveCfg = Debug|Any CPU
		{0D669183-11CE-4A63-87F2-D2C4BFD1C049}.Debug|Any CPU.Build.0 = Debug|Any CPU
		{0D669183-11CE-4A63-87F2-D2C4BFD1C049}.Release|Any CPU.ActiveCfg = Release|Any CPU
		{0D669183-11CE-4A63-87F2-D2C4BFD1C049}.Release|Any CPU.Build.0 = Release|Any CPU
		{809DBFF0-CA10-427E-80B3-6F0D5970DBBD}.Debug|Any CPU.ActiveCfg = Debug|Any CPU
		{809DBFF0-CA10-427E-80B3-6F0D5970DBBD}.Debug|Any CPU.Build.0 = Debug|Any CPU
		{809DBFF0-CA10-427E-80B3-6F0D5970DBBD}.Release|Any CPU.ActiveCfg = Release|Any CPU
		{809DBFF0-CA10-427E-80B3-6F0D5970DBBD}.Release|Any CPU.Build.0 = Release|Any CPU
		{BDF15788-088A-4D89-992C-60F9A49DF9E9}.Debug|Any CPU.ActiveCfg = Debug|Any CPU
		{BDF15788-088A-4D89-992C-60F9A49DF9E9}.Debug|Any CPU.Build.0 = Debug|Any CPU
		{BDF15788-088A-4D89-992C-60F9A49DF9E9}.Release|Any CPU.ActiveCfg = Release|Any CPU
		{BDF15788-088A-4D89-992C-60F9A49DF9E9}.Release|Any CPU.Build.0 = Release|Any CPU
		{F969D67F-624D-4F3B-9EAD-B966D6096BB2}.Debug|Any CPU.ActiveCfg = Debug|Any CPU
		{F969D67F-624D-4F3B-9EAD-B966D6096BB2}.Debug|Any CPU.Build.0 = Debug|Any CPU
		{F969D67F-624D-4F3B-9EAD-B966D6096BB2}.Release|Any CPU.ActiveCfg = Release|Any CPU
		{F969D67F-624D-4F3B-9EAD-B966D6096BB2}.Release|Any CPU.Build.0 = Release|Any CPU
		{4F3F1327-0E3B-4C4B-82B0-6F56A5744E38}.Debug|Any CPU.ActiveCfg = Debug|Any CPU
		{4F3F1327-0E3B-4C4B-82B0-6F56A5744E38}.Debug|Any CPU.Build.0 = Debug|Any CPU
		{4F3F1327-0E3B-4C4B-82B0-6F56A5744E38}.Release|Any CPU.ActiveCfg = Release|Any CPU
		{4F3F1327-0E3B-4C4B-82B0-6F56A5744E38}.Release|Any CPU.Build.0 = Release|Any CPU
		{7CB24BF9-5286-4373-8DF6-3B16FAF1BF54}.Debug|Any CPU.ActiveCfg = Debug|Any CPU
		{7CB24BF9-5286-4373-8DF6-3B16FAF1BF54}.Debug|Any CPU.Build.0 = Debug|Any CPU
		{7CB24BF9-5286-4373-8DF6-3B16FAF1BF54}.Release|Any CPU.ActiveCfg = Release|Any CPU
		{7CB24BF9-5286-4373-8DF6-3B16FAF1BF54}.Release|Any CPU.Build.0 = Release|Any CPU
	EndGlobalSection
	GlobalSection(SolutionProperties) = preSolution
		HideSolutionNode = FALSE
	EndGlobalSection
	GlobalSection(ExtensibilityGlobals) = postSolution
		SolutionGuid = {1EEACEB7-43CA-42EF-BF54-4BA26BA4D117}
	EndGlobalSection
EndGlobal
