
Microsoft Visual Studio Solution File, Format Version 12.00
# Visual Studio Version 16
VisualStudioVersion = 16.0.30717.126
MinimumVisualStudioVersion = 10.0.40219.1
Project("{9A19103F-16F7-4668-BE54-9A1E7A4F7556}") = "LinkDev.MOA.POC.Portal", "LinkDev.MOA.POC.Portal\LinkDev.MOA.POC.Portal.csproj", "{F2655ED6-1191-434C-B3B2-FBE821C962C8}"
EndProject
Project("{FAE04EC0-301F-11D3-BF4B-00C04F79EFBC}") = "LinkDev.MOA.POC.Portal.API", "LinkDev.MOA.POC.Portal.API\LinkDev.MOA.POC.Portal.API.csproj", "{7CB24BF9-5286-4373-8DF6-3B16FAF1BF54}"
EndProject
Project("{FAE04EC0-301F-11D3-BF4B-00C04F79EFBC}") = "LinkDev.MOA.POC.Portal.BLL", "LinkDev.MOA.POC.Portal.BLL\LinkDev.MOA.POC.Portal.BLL.csproj", "{37CBE57B-DBB2-493C-B805-DCAE560AB6F9}"
EndProject
Global
	GlobalSection(SolutionConfigurationPlatforms) = preSolution
		Debug|Any CPU = Debug|Any CPU
		Release|Any CPU = Release|Any CPU
	EndGlobalSection
	GlobalSection(ProjectConfigurationPlatforms) = postSolution
		{F2655ED6-1191-434C-B3B2-FBE821C962C8}.Debug|Any CPU.ActiveCfg = Debug|Any CPU
		{F2655ED6-1191-434C-B3B2-FBE821C962C8}.Debug|Any CPU.Build.0 = Debug|Any CPU
		{F2655ED6-1191-434C-B3B2-FBE821C962C8}.Release|Any CPU.ActiveCfg = Release|Any CPU
		{F2655ED6-1191-434C-B3B2-FBE821C962C8}.Release|Any CPU.Build.0 = Release|Any CPU
		{7CB24BF9-5286-4373-8DF6-3B16FAF1BF54}.Debug|Any CPU.ActiveCfg = Debug|Any CPU
		{7CB24BF9-5286-4373-8DF6-3B16FAF1BF54}.Debug|Any CPU.Build.0 = Debug|Any CPU
		{7CB24BF9-5286-4373-8DF6-3B16FAF1BF54}.Release|Any CPU.ActiveCfg = Release|Any CPU
		{7CB24BF9-5286-4373-8DF6-3B16FAF1BF54}.Release|Any CPU.Build.0 = Release|Any CPU
		{37CBE57B-DBB2-493C-B805-DCAE560AB6F9}.Debug|Any CPU.ActiveCfg = Debug|Any CPU
		{37CBE57B-DBB2-493C-B805-DCAE560AB6F9}.Debug|Any CPU.Build.0 = Debug|Any CPU
		{37CBE57B-DBB2-493C-B805-DCAE560AB6F9}.Release|Any CPU.ActiveCfg = Release|Any CPU
		{37CBE57B-DBB2-493C-B805-DCAE560AB6F9}.Release|Any CPU.Build.0 = Release|Any CPU
	EndGlobalSection
	GlobalSection(SolutionProperties) = preSolution
		HideSolutionNode = FALSE
	EndGlobalSection
	GlobalSection(ExtensibilityGlobals) = postSolution
		SolutionGuid = {1EEACEB7-43CA-42EF-BF54-4BA26BA4D117}
	EndGlobalSection
EndGlobal
